
Microsoft Visual Studio Solution File, Format Version 12.00
# Visual Studio Version 17
VisualStudioVersion = 17.2.32505.173
MinimumVisualStudioVersion = 10.0.40219.1
Project("{FAE04EC0-301F-11D3-BF4B-00C04F79EFBC}") = "RestSharpForGitHub", "RestSharpTestsForGitHub\RestSharpForGitHub.csproj", "{FD4C9374-3EBC-4042-955B-C89069D11E98}"
EndProject
Project("{FAE04EC0-301F-11D3-BF4B-00C04F79EFBC}") = "RestSharpTests", "RestSharpTests\RestSharpTests.csproj", "{535BBBDB-7BC0-45C5-AAFE-4D9EA74AA4B7}"
EndProject
Global
	GlobalSection(SolutionConfigurationPlatforms) = preSolution
		Debug|Any CPU = Debug|Any CPU
		Release|Any CPU = Release|Any CPU
	EndGlobalSection
	GlobalSection(ProjectConfigurationPlatforms) = postSolution
		{FD4C9374-3EBC-4042-955B-C89069D11E98}.Debug|Any CPU.ActiveCfg = Debug|Any CPU
		{FD4C9374-3EBC-4042-955B-C89069D11E98}.Debug|Any CPU.Build.0 = Debug|Any CPU
		{FD4C9374-3EBC-4042-955B-C89069D11E98}.Release|Any CPU.ActiveCfg = Release|Any CPU
		{FD4C9374-3EBC-4042-955B-C89069D11E98}.Release|Any CPU.Build.0 = Release|Any CPU
		{535BBBDB-7BC0-45C5-AAFE-4D9EA74AA4B7}.Debug|Any CPU.ActiveCfg = Debug|Any CPU
		{535BBBDB-7BC0-45C5-AAFE-4D9EA74AA4B7}.Debug|Any CPU.Build.0 = Debug|Any CPU
		{535BBBDB-7BC0-45C5-AAFE-4D9EA74AA4B7}.Release|Any CPU.ActiveCfg = Release|Any CPU
		{535BBBDB-7BC0-45C5-AAFE-4D9EA74AA4B7}.Release|Any CPU.Build.0 = Release|Any CPU
	EndGlobalSection
	GlobalSection(SolutionProperties) = preSolution
		HideSolutionNode = FALSE
	EndGlobalSection
	GlobalSection(ExtensibilityGlobals) = postSolution
		SolutionGuid = {1EE10158-0D66-4ADF-94D8-75430A5D75D6}
	EndGlobalSection
EndGlobal
